{
  "name": "node-examples",
  "version": "0.0.1",
  "lockfileVersion": 3,
  "requires": true,
  "packages": {
    "": {
      "name": "node-examples",
      "version": "0.0.1",
      "dependencies": {
        "avail-js-sdk": "^0.1.14"
      },
      "devDependencies": {
        "rimraf": "^5.0.5"
      }
    },
    "node_modules/@isaacs/cliui": {
      "version": "8.0.2",
      "resolved": "https://registry.npmjs.org/@isaacs/cliui/-/cliui-8.0.2.tgz",
      "integrity": "sha512-O8jcjabXaleOG9DQ0+ARXWZBTfnP4WNAqzuiJK7ll44AmxGKv/J2M4TPjxjY3znBCfvBXFzucm1twdyFybFqEA==",
      "dev": true,
      "dependencies": {
        "string-width": "^5.1.2",
        "string-width-cjs": "npm:string-width@^4.2.0",
        "strip-ansi": "^7.0.1",
        "strip-ansi-cjs": "npm:strip-ansi@^6.0.1",
        "wrap-ansi": "^8.1.0",
        "wrap-ansi-cjs": "npm:wrap-ansi@^7.0.0"
      },
      "engines": {
        "node": ">=12"
      }
    },
    "node_modules/@noble/curves": {
      "version": "1.2.0",
      "resolved": "https://registry.npmjs.org/@noble/curves/-/curves-1.2.0.tgz",
      "integrity": "sha512-oYclrNgRaM9SsBUBVbb8M6DTV7ZHRTKugureoYEncY5c65HOmRzvSiTE3y5CYaPYJA/GVkrhXEoF0M3Ya9PMnw==",
      "dependencies": {
        "@noble/hashes": "1.3.2"
      },
      "funding": {
        "url": "https://paulmillr.com/funding/"
      }
    },
    "node_modules/@noble/hashes": {
      "version": "1.3.2",
      "resolved": "https://registry.npmjs.org/@noble/hashes/-/hashes-1.3.2.tgz",
      "integrity": "sha512-MVC8EAQp7MvEcm30KWENFjgR+Mkmf+D189XJTkFIlwohU5hcBbn1ZkKq7KVTi2Hme3PMGF390DaL52beVrIihQ==",
      "engines": {
        "node": ">= 16"
      },
      "funding": {
        "url": "https://paulmillr.com/funding/"
      }
    },
    "node_modules/@pkgjs/parseargs": {
      "version": "0.11.0",
      "resolved": "https://registry.npmjs.org/@pkgjs/parseargs/-/parseargs-0.11.0.tgz",
      "integrity": "sha512-+1VkjdD0QBLPodGrJUeqarH8VAIvQODIbwh9XpP5Syisf7YoQgsJKPNFoqqLQlu+VQ/tVSshMR6loPMn8U+dPg==",
      "dev": true,
      "optional": true,
      "engines": {
        "node": ">=14"
      }
    },
    "node_modules/@polkadot/api": {
      "version": "10.10.1",
      "resolved": "https://registry.npmjs.org/@polkadot/api/-/api-10.10.1.tgz",
      "integrity": "sha512-YHVkmNvjGF4Eg3thAbVhj9UX3SXx+Yxk6yVuzsEcckEudIRHzL2ikIWGCfUprfzSeFNpUCKdJIi1tsxVHtA7Tg==",
      "dependencies": {
        "@polkadot/api-augment": "10.10.1",
        "@polkadot/api-base": "10.10.1",
        "@polkadot/api-derive": "10.10.1",
        "@polkadot/keyring": "^12.5.1",
        "@polkadot/rpc-augment": "10.10.1",
        "@polkadot/rpc-core": "10.10.1",
        "@polkadot/rpc-provider": "10.10.1",
        "@polkadot/types": "10.10.1",
        "@polkadot/types-augment": "10.10.1",
        "@polkadot/types-codec": "10.10.1",
        "@polkadot/types-create": "10.10.1",
        "@polkadot/types-known": "10.10.1",
        "@polkadot/util": "^12.5.1",
        "@polkadot/util-crypto": "^12.5.1",
        "eventemitter3": "^5.0.1",
        "rxjs": "^7.8.1",
        "tslib": "^2.6.2"
      },
      "engines": {
        "node": ">=16"
      }
    },
    "node_modules/@polkadot/api-augment": {
      "version": "10.10.1",
      "resolved": "https://registry.npmjs.org/@polkadot/api-augment/-/api-augment-10.10.1.tgz",
      "integrity": "sha512-J0r1DT1M5y75iO1iwcpUBokKD3q6b22kWlPfiHEDNFydVw5vm7OTRBk9Njjl8rOnlSzcW/Ya8qWfV/wkrqHxUQ==",
      "dependencies": {
        "@polkadot/api-base": "10.10.1",
        "@polkadot/rpc-augment": "10.10.1",
        "@polkadot/types": "10.10.1",
        "@polkadot/types-augment": "10.10.1",
        "@polkadot/types-codec": "10.10.1",
        "@polkadot/util": "^12.5.1",
        "tslib": "^2.6.2"
      },
      "engines": {
        "node": ">=16"
      }
    },
    "node_modules/@polkadot/api-base": {
      "version": "10.10.1",
      "resolved": "https://registry.npmjs.org/@polkadot/api-base/-/api-base-10.10.1.tgz",
      "integrity": "sha512-joH2Ywxnn+AStkw+JWAdF3i3WJy4NcBYp0SWJM/WqGafWR/FuHnati2pcj/MHzkHT8JkBippmSSJFvsqRhlwcQ==",
      "dependencies": {
        "@polkadot/rpc-core": "10.10.1",
        "@polkadot/types": "10.10.1",
        "@polkadot/util": "^12.5.1",
        "rxjs": "^7.8.1",
        "tslib": "^2.6.2"
      },
      "engines": {
        "node": ">=16"
      }
    },
    "node_modules/@polkadot/api-derive": {
      "version": "10.10.1",
      "resolved": "https://registry.npmjs.org/@polkadot/api-derive/-/api-derive-10.10.1.tgz",
      "integrity": "sha512-Q9Ibs4eRPqdV8qnRzFPD3dlWNbLHxRqMqNTNPmNQwKPo5m6fcQbZ0UZy3yJ+PI9S4AQHGhsWtfoi5qW8006GHQ==",
      "dependencies": {
        "@polkadot/api": "10.10.1",
        "@polkadot/api-augment": "10.10.1",
        "@polkadot/api-base": "10.10.1",
        "@polkadot/rpc-core": "10.10.1",
        "@polkadot/types": "10.10.1",
        "@polkadot/types-codec": "10.10.1",
        "@polkadot/util": "^12.5.1",
        "@polkadot/util-crypto": "^12.5.1",
        "rxjs": "^7.8.1",
        "tslib": "^2.6.2"
      },
      "engines": {
        "node": ">=16"
      }
    },
    "node_modules/@polkadot/keyring": {
      "version": "12.5.1",
      "resolved": "https://registry.npmjs.org/@polkadot/keyring/-/keyring-12.5.1.tgz",
      "integrity": "sha512-u6b+Q7wI6WY/vwmJS9uUHy/5hKZ226nTlVNmxjkj9GvrRsQvUSwS94163yHPJwiZJiIv5xK5m0rwCMyoYu+wjA==",
      "dependencies": {
        "@polkadot/util": "12.5.1",
        "@polkadot/util-crypto": "12.5.1",
        "tslib": "^2.6.2"
      },
      "engines": {
        "node": ">=16"
      },
      "peerDependencies": {
        "@polkadot/util": "12.5.1",
        "@polkadot/util-crypto": "12.5.1"
      }
    },
    "node_modules/@polkadot/networks": {
      "version": "12.5.1",
      "resolved": "https://registry.npmjs.org/@polkadot/networks/-/networks-12.5.1.tgz",
      "integrity": "sha512-PP6UUdzz6iHHZH4q96cUEhTcydHj16+61sqeaYEJSF6Q9iY+5WVWQ26+rdjmre/EBdrMQkSS/CKy73mO5z/JkQ==",
      "dependencies": {
        "@polkadot/util": "12.5.1",
        "@substrate/ss58-registry": "^1.43.0",
        "tslib": "^2.6.2"
      },
      "engines": {
        "node": ">=16"
      }
    },
    "node_modules/@polkadot/rpc-augment": {
      "version": "10.10.1",
      "resolved": "https://registry.npmjs.org/@polkadot/rpc-augment/-/rpc-augment-10.10.1.tgz",
      "integrity": "sha512-PcvsX8DNV8BNDXXnY2K8F4mE7cWz7fKg8ykXNZTN8XUN6MrI4k/ohv7itYic7X5LaP25ZmQt5UiGyjKDGIELow==",
      "dependencies": {
        "@polkadot/rpc-core": "10.10.1",
        "@polkadot/types": "10.10.1",
        "@polkadot/types-codec": "10.10.1",
        "@polkadot/util": "^12.5.1",
        "tslib": "^2.6.2"
      },
      "engines": {
        "node": ">=16"
      }
    },
    "node_modules/@polkadot/rpc-core": {
      "version": "10.10.1",
      "resolved": "https://registry.npmjs.org/@polkadot/rpc-core/-/rpc-core-10.10.1.tgz",
      "integrity": "sha512-awfFfJYsVF6W4DrqTj5RP00SSDRNB770FIoe1QE1Op4NcSrfeLpwh54HUJS716f4l5mOSYuvMp+zCbKzt8zKow==",
      "dependencies": {
        "@polkadot/rpc-augment": "10.10.1",
        "@polkadot/rpc-provider": "10.10.1",
        "@polkadot/types": "10.10.1",
        "@polkadot/util": "^12.5.1",
        "rxjs": "^7.8.1",
        "tslib": "^2.6.2"
      },
      "engines": {
        "node": ">=16"
      }
    },
    "node_modules/@polkadot/rpc-provider": {
      "version": "10.10.1",
      "resolved": "https://registry.npmjs.org/@polkadot/rpc-provider/-/rpc-provider-10.10.1.tgz",
      "integrity": "sha512-VMDWoJgx6/mPHAOT66Sq+Jf2lJABfV/ZUIXtT2k8HjOndbm6oKrFqGEOSSLvB2q4olDee3FkFFxkyW1s6k4JaQ==",
      "dependencies": {
        "@polkadot/keyring": "^12.5.1",
        "@polkadot/types": "10.10.1",
        "@polkadot/types-support": "10.10.1",
        "@polkadot/util": "^12.5.1",
        "@polkadot/util-crypto": "^12.5.1",
        "@polkadot/x-fetch": "^12.5.1",
        "@polkadot/x-global": "^12.5.1",
        "@polkadot/x-ws": "^12.5.1",
        "eventemitter3": "^5.0.1",
        "mock-socket": "^9.3.1",
        "nock": "^13.3.4",
        "tslib": "^2.6.2"
      },
      "engines": {
        "node": ">=16"
      },
      "optionalDependencies": {
        "@substrate/connect": "0.7.33"
      }
    },
    "node_modules/@polkadot/types": {
      "version": "10.10.1",
      "resolved": "https://registry.npmjs.org/@polkadot/types/-/types-10.10.1.tgz",
      "integrity": "sha512-Ben62P1tjYEhKag34GBGcLX6NqcFR1VD5nNbWaxgr+t36Jl/tlHs6P9DlbFqQP7Tt9FmGrAYY0m3oTkhjG1NzA==",
      "dependencies": {
        "@polkadot/keyring": "^12.5.1",
        "@polkadot/types-augment": "10.10.1",
        "@polkadot/types-codec": "10.10.1",
        "@polkadot/types-create": "10.10.1",
        "@polkadot/util": "^12.5.1",
        "@polkadot/util-crypto": "^12.5.1",
        "rxjs": "^7.8.1",
        "tslib": "^2.6.2"
      },
      "engines": {
        "node": ">=16"
      }
    },
    "node_modules/@polkadot/types-augment": {
      "version": "10.10.1",
      "resolved": "https://registry.npmjs.org/@polkadot/types-augment/-/types-augment-10.10.1.tgz",
      "integrity": "sha512-XRHE75IocXfFE6EADYov3pqXCyBk5SWbiHoZ0+4WYWP9SwMuzsBaAy84NlhLBlkG3+ehIqi0HpAd/qrljJGZbg==",
      "dependencies": {
        "@polkadot/types": "10.10.1",
        "@polkadot/types-codec": "10.10.1",
        "@polkadot/util": "^12.5.1",
        "tslib": "^2.6.2"
      },
      "engines": {
        "node": ">=16"
      }
    },
    "node_modules/@polkadot/types-codec": {
      "version": "10.10.1",
      "resolved": "https://registry.npmjs.org/@polkadot/types-codec/-/types-codec-10.10.1.tgz",
      "integrity": "sha512-ETPG0wzWzt/bDKRQmYbO7CLe/0lUt8VrG6/bECdv+Kye+8Qedba2LZyTWm/9f2ngms8TZ82yI8mPv/mozdtfnw==",
      "dependencies": {
        "@polkadot/util": "^12.5.1",
        "@polkadot/x-bigint": "^12.5.1",
        "tslib": "^2.6.2"
      },
      "engines": {
        "node": ">=16"
      }
    },
    "node_modules/@polkadot/types-create": {
      "version": "10.10.1",
      "resolved": "https://registry.npmjs.org/@polkadot/types-create/-/types-create-10.10.1.tgz",
      "integrity": "sha512-7OiLzd+Ter5zrpjP7fDwA1m89kd38VvMVixfOSv8x7ld2pDT+yyyKl14TCwRSWrKWCMtIb6M3iasPhq5cUa7cw==",
      "dependencies": {
        "@polkadot/types-codec": "10.10.1",
        "@polkadot/util": "^12.5.1",
        "tslib": "^2.6.2"
      },
      "engines": {
        "node": ">=16"
      }
    },
    "node_modules/@polkadot/types-known": {
      "version": "10.10.1",
      "resolved": "https://registry.npmjs.org/@polkadot/types-known/-/types-known-10.10.1.tgz",
      "integrity": "sha512-yRa1lbDRqg3V/zoa0vSwdGOiYTIWktILW8OfkaLDExTu0GZBSbVHZlLAta52XVpA9Zww7mrUUC9+iernOwk//w==",
      "dependencies": {
        "@polkadot/networks": "^12.5.1",
        "@polkadot/types": "10.10.1",
        "@polkadot/types-codec": "10.10.1",
        "@polkadot/types-create": "10.10.1",
        "@polkadot/util": "^12.5.1",
        "tslib": "^2.6.2"
      },
      "engines": {
        "node": ">=16"
      }
    },
    "node_modules/@polkadot/types-support": {
      "version": "10.10.1",
      "resolved": "https://registry.npmjs.org/@polkadot/types-support/-/types-support-10.10.1.tgz",
      "integrity": "sha512-Cd2mwk9RG6LlX8X3H0bRY7wCTbZPqU3z38CMFhvNkFDAyjqKjtn8hpS4n8mMrZK2EwCs/MjQH1wb7rtFkaWmJw==",
      "dependencies": {
        "@polkadot/util": "^12.5.1",
        "tslib": "^2.6.2"
      },
      "engines": {
        "node": ">=16"
      }
    },
    "node_modules/@polkadot/util": {
      "version": "12.5.1",
      "resolved": "https://registry.npmjs.org/@polkadot/util/-/util-12.5.1.tgz",
      "integrity": "sha512-fDBZL7D4/baMG09Qowseo884m3QBzErGkRWNBId1UjWR99kyex+cIY9fOSzmuQxo6nLdJlLHw1Nz2caN3+Bq0A==",
      "dependencies": {
        "@polkadot/x-bigint": "12.5.1",
        "@polkadot/x-global": "12.5.1",
        "@polkadot/x-textdecoder": "12.5.1",
        "@polkadot/x-textencoder": "12.5.1",
        "@types/bn.js": "^5.1.1",
        "bn.js": "^5.2.1",
        "tslib": "^2.6.2"
      },
      "engines": {
        "node": ">=16"
      }
    },
    "node_modules/@polkadot/util-crypto": {
      "version": "12.5.1",
      "resolved": "https://registry.npmjs.org/@polkadot/util-crypto/-/util-crypto-12.5.1.tgz",
      "integrity": "sha512-Y8ORbMcsM/VOqSG3DgqutRGQ8XXK+X9M3C8oOEI2Tji65ZsXbh9Yh+ryPLM0oBp/9vqOXjkLgZJbbVuQceOw0A==",
      "dependencies": {
        "@noble/curves": "^1.2.0",
        "@noble/hashes": "^1.3.2",
        "@polkadot/networks": "12.5.1",
        "@polkadot/util": "12.5.1",
        "@polkadot/wasm-crypto": "^7.2.2",
        "@polkadot/wasm-util": "^7.2.2",
        "@polkadot/x-bigint": "12.5.1",
        "@polkadot/x-randomvalues": "12.5.1",
        "@scure/base": "^1.1.3",
        "tslib": "^2.6.2"
      },
      "engines": {
        "node": ">=16"
      },
      "peerDependencies": {
        "@polkadot/util": "12.5.1"
      }
    },
    "node_modules/@polkadot/wasm-bridge": {
      "version": "7.2.2",
      "resolved": "https://registry.npmjs.org/@polkadot/wasm-bridge/-/wasm-bridge-7.2.2.tgz",
      "integrity": "sha512-CgNENd65DVYtackOVXXRA0D1RPoCv5+77IdBCf7kNqu6LeAnR4nfTI6qjaApUdN1xRweUsQjSH7tu7VjkMOA0A==",
      "dependencies": {
        "@polkadot/wasm-util": "7.2.2",
        "tslib": "^2.6.1"
      },
      "engines": {
        "node": ">=16"
      },
      "peerDependencies": {
        "@polkadot/util": "*",
        "@polkadot/x-randomvalues": "*"
      }
    },
    "node_modules/@polkadot/wasm-crypto": {
      "version": "7.2.2",
      "resolved": "https://registry.npmjs.org/@polkadot/wasm-crypto/-/wasm-crypto-7.2.2.tgz",
      "integrity": "sha512-1ZY1rxUTawYm0m1zylvBMFovNIHYgG2v/XoASNp/EMG5c8FQIxCbhJRaTBA983GVq4lN/IAKREKEp9ZbLLqssA==",
      "dependencies": {
        "@polkadot/wasm-bridge": "7.2.2",
        "@polkadot/wasm-crypto-asmjs": "7.2.2",
        "@polkadot/wasm-crypto-init": "7.2.2",
        "@polkadot/wasm-crypto-wasm": "7.2.2",
        "@polkadot/wasm-util": "7.2.2",
        "tslib": "^2.6.1"
      },
      "engines": {
        "node": ">=16"
      },
      "peerDependencies": {
        "@polkadot/util": "*",
        "@polkadot/x-randomvalues": "*"
      }
    },
    "node_modules/@polkadot/wasm-crypto-asmjs": {
      "version": "7.2.2",
      "resolved": "https://registry.npmjs.org/@polkadot/wasm-crypto-asmjs/-/wasm-crypto-asmjs-7.2.2.tgz",
      "integrity": "sha512-wKg+cpsWQCTSVhjlHuNeB/184rxKqY3vaklacbLOMbUXieIfuDBav5PJdzS3yeiVE60TpYaHW4iX/5OYHS82gg==",
      "dependencies": {
        "tslib": "^2.6.1"
      },
      "engines": {
        "node": ">=16"
      },
      "peerDependencies": {
        "@polkadot/util": "*"
      }
    },
    "node_modules/@polkadot/wasm-crypto-init": {
      "version": "7.2.2",
      "resolved": "https://registry.npmjs.org/@polkadot/wasm-crypto-init/-/wasm-crypto-init-7.2.2.tgz",
      "integrity": "sha512-vD4iPIp9x+SssUIWUenxWLPw4BVIwhXHNMpsV81egK990tvpyIxL205/EF5QRb1mKn8WfWcNFm5tYwwh9NdnnA==",
      "dependencies": {
        "@polkadot/wasm-bridge": "7.2.2",
        "@polkadot/wasm-crypto-asmjs": "7.2.2",
        "@polkadot/wasm-crypto-wasm": "7.2.2",
        "@polkadot/wasm-util": "7.2.2",
        "tslib": "^2.6.1"
      },
      "engines": {
        "node": ">=16"
      },
      "peerDependencies": {
        "@polkadot/util": "*",
        "@polkadot/x-randomvalues": "*"
      }
    },
    "node_modules/@polkadot/wasm-crypto-wasm": {
      "version": "7.2.2",
      "resolved": "https://registry.npmjs.org/@polkadot/wasm-crypto-wasm/-/wasm-crypto-wasm-7.2.2.tgz",
      "integrity": "sha512-3efoIB6jA3Hhv6k0YIBwCtlC8gCSWCk+R296yIXRLLr3cGN415KM/PO/d1JIXYI64lbrRzWRmZRhllw3jf6Atg==",
      "dependencies": {
        "@polkadot/wasm-util": "7.2.2",
        "tslib": "^2.6.1"
      },
      "engines": {
        "node": ">=16"
      },
      "peerDependencies": {
        "@polkadot/util": "*"
      }
    },
    "node_modules/@polkadot/wasm-util": {
      "version": "7.2.2",
      "resolved": "https://registry.npmjs.org/@polkadot/wasm-util/-/wasm-util-7.2.2.tgz",
      "integrity": "sha512-N/25960ifCc56sBlJZ2h5UBpEPvxBmMLgwYsl7CUuT+ea2LuJW9Xh8VHDN/guYXwmm92/KvuendYkEUykpm/JQ==",
      "dependencies": {
        "tslib": "^2.6.1"
      },
      "engines": {
        "node": ">=16"
      },
      "peerDependencies": {
        "@polkadot/util": "*"
      }
    },
    "node_modules/@polkadot/x-bigint": {
      "version": "12.5.1",
      "resolved": "https://registry.npmjs.org/@polkadot/x-bigint/-/x-bigint-12.5.1.tgz",
      "integrity": "sha512-Fw39eoN9v0sqxSzfSC5awaDVdzojIiE7d1hRSQgVSrES+8whWvtbYMR0qwbVhTuW7DvogHmye41P9xKMlXZysg==",
      "dependencies": {
        "@polkadot/x-global": "12.5.1",
        "tslib": "^2.6.2"
      },
      "engines": {
        "node": ">=16"
      }
    },
    "node_modules/@polkadot/x-fetch": {
      "version": "12.5.1",
      "resolved": "https://registry.npmjs.org/@polkadot/x-fetch/-/x-fetch-12.5.1.tgz",
      "integrity": "sha512-Bc019lOKCoQJrthiS+H3LwCahGtl5tNnb2HK7xe3DBQIUx9r2HsF/uEngNfMRUFkUYg5TPCLFbEWU8NIREBS1A==",
      "dependencies": {
        "@polkadot/x-global": "12.5.1",
        "node-fetch": "^3.3.2",
        "tslib": "^2.6.2"
      },
      "engines": {
        "node": ">=16"
      }
    },
    "node_modules/@polkadot/x-global": {
      "version": "12.5.1",
      "resolved": "https://registry.npmjs.org/@polkadot/x-global/-/x-global-12.5.1.tgz",
      "integrity": "sha512-6K0YtWEg0eXInDOihU5aSzeb1t9TiDdX9ZuRly+58ALSqw5kPZYmQLbzE1d8HWzyXRXK+YH65GtLzfMGqfYHmw==",
      "dependencies": {
        "tslib": "^2.6.2"
      },
      "engines": {
        "node": ">=16"
      }
    },
    "node_modules/@polkadot/x-randomvalues": {
      "version": "12.5.1",
      "resolved": "https://registry.npmjs.org/@polkadot/x-randomvalues/-/x-randomvalues-12.5.1.tgz",
      "integrity": "sha512-UsMb1d+77EPNjW78BpHjZLIm4TaIpfqq89OhZP/6gDIoS2V9iE/AK3jOWKm1G7Y2F8XIoX1qzQpuMakjfagFoQ==",
      "dependencies": {
        "@polkadot/x-global": "12.5.1",
        "tslib": "^2.6.2"
      },
      "engines": {
        "node": ">=16"
      },
      "peerDependencies": {
        "@polkadot/util": "12.5.1",
        "@polkadot/wasm-util": "*"
      }
    },
    "node_modules/@polkadot/x-textdecoder": {
      "version": "12.5.1",
      "resolved": "https://registry.npmjs.org/@polkadot/x-textdecoder/-/x-textdecoder-12.5.1.tgz",
      "integrity": "sha512-j2YZGWfwhMC8nHW3BXq10fAPY02ObLL/qoTjCMJ1Cmc/OGq18Ep7k9cXXbjFAq3wf3tUUewt/u/hStKCk3IvfQ==",
      "dependencies": {
        "@polkadot/x-global": "12.5.1",
        "tslib": "^2.6.2"
      },
      "engines": {
        "node": ">=16"
      }
    },
    "node_modules/@polkadot/x-textencoder": {
      "version": "12.5.1",
      "resolved": "https://registry.npmjs.org/@polkadot/x-textencoder/-/x-textencoder-12.5.1.tgz",
      "integrity": "sha512-1JNNpOGb4wD+c7zFuOqjibl49LPnHNr4rj4s3WflLUIZvOMY6euoDuN3ISjQSHCLlVSoH0sOCWA3qXZU4bCTDQ==",
      "dependencies": {
        "@polkadot/x-global": "12.5.1",
        "tslib": "^2.6.2"
      },
      "engines": {
        "node": ">=16"
      }
    },
    "node_modules/@polkadot/x-ws": {
      "version": "12.5.1",
      "resolved": "https://registry.npmjs.org/@polkadot/x-ws/-/x-ws-12.5.1.tgz",
      "integrity": "sha512-efNMhB3Lh6pW2iTipMkqwrjpuUtb3EwR/jYZftiIGo5tDPB7rqoMOp9s6KRFJEIUfZkLnMUtbkZ5fHzUJaCjmQ==",
      "dependencies": {
        "@polkadot/x-global": "12.5.1",
        "tslib": "^2.6.2",
        "ws": "^8.14.1"
      },
      "engines": {
        "node": ">=16"
      }
    },
    "node_modules/@scure/base": {
      "version": "1.1.3",
      "resolved": "https://registry.npmjs.org/@scure/base/-/base-1.1.3.tgz",
      "integrity": "sha512-/+SgoRjLq7Xlf0CWuLHq2LUZeL/w65kfzAPG5NH9pcmBhs+nunQTn4gvdwgMTIXnt9b2C/1SeL2XiysZEyIC9Q==",
      "funding": {
        "url": "https://paulmillr.com/funding/"
      }
    },
    "node_modules/@substrate/connect": {
      "version": "0.7.33",
      "resolved": "https://registry.npmjs.org/@substrate/connect/-/connect-0.7.33.tgz",
      "integrity": "sha512-1B984/bmXVQvTT9oV3c3b7215lvWmulP9rfP3T3Ri+OU3uIsyCzYw0A+XG6J8/jgO2FnroeNIBWlgoLaUM1uzw==",
      "hasInstallScript": true,
      "optional": true,
      "dependencies": {
        "@substrate/connect-extension-protocol": "^1.0.1",
        "smoldot": "2.0.1"
      }
    },
    "node_modules/@substrate/connect-extension-protocol": {
      "version": "1.0.1",
      "resolved": "https://registry.npmjs.org/@substrate/connect-extension-protocol/-/connect-extension-protocol-1.0.1.tgz",
      "integrity": "sha512-161JhCC1csjH3GE5mPLEd7HbWtwNSPJBg3p1Ksz9SFlTzj/bgEwudiRN2y5i0MoLGCIJRYKyKGMxVnd29PzNjg==",
      "optional": true
    },
    "node_modules/@substrate/ss58-registry": {
      "version": "1.43.0",
      "resolved": "https://registry.npmjs.org/@substrate/ss58-registry/-/ss58-registry-1.43.0.tgz",
      "integrity": "sha512-USEkXA46P9sqClL7PZv0QFsit4S8Im97wchKG0/H/9q3AT/S76r40UHfCr4Un7eBJPE23f7fU9BZ0ITpP9MCsA=="
    },
    "node_modules/@types/bn.js": {
      "version": "5.1.4",
      "resolved": "https://registry.npmjs.org/@types/bn.js/-/bn.js-5.1.4.tgz",
      "integrity": "sha512-ZtBd9L8hVtoBpPMSWfbwjC4dhQtJdlPS+e1A0Rydb7vg7bDcUwiRklPx24sMYtXcmAMST/k0Wze7JLbNU/5SkA==",
      "dependencies": {
        "@types/node": "*"
      }
    },
    "node_modules/@types/node": {
      "version": "20.8.10",
      "resolved": "https://registry.npmjs.org/@types/node/-/node-20.8.10.tgz",
      "integrity": "sha512-TlgT8JntpcbmKUFzjhsyhGfP2fsiz1Mv56im6enJ905xG1DAYesxJaeSbGqQmAw8OWPdhyJGhGSQGKRNJ45u9w==",
      "dependencies": {
        "undici-types": "~5.26.4"
      }
    },
    "node_modules/ansi-regex": {
      "version": "6.0.1",
      "resolved": "https://registry.npmjs.org/ansi-regex/-/ansi-regex-6.0.1.tgz",
      "integrity": "sha512-n5M855fKb2SsfMIiFFoVrABHJC8QtHwVx+mHWP3QcEqBHYienj5dHSgjbxtC0WEZXYt4wcD6zrQElDPhFuZgfA==",
      "dev": true,
      "engines": {
        "node": ">=12"
      },
      "funding": {
        "url": "https://github.com/chalk/ansi-regex?sponsor=1"
      }
    },
    "node_modules/ansi-styles": {
      "version": "6.2.1",
      "resolved": "https://registry.npmjs.org/ansi-styles/-/ansi-styles-6.2.1.tgz",
      "integrity": "sha512-bN798gFfQX+viw3R7yrGWRqnrN2oRkEkUjjl4JNn4E8GxxbjtG3FbrEIIY3l8/hrwUwIeCZvi4QuOTP4MErVug==",
      "dev": true,
      "engines": {
        "node": ">=12"
      },
      "funding": {
        "url": "https://github.com/chalk/ansi-styles?sponsor=1"
      }
    },
    "node_modules/avail-js-sdk": {
      "version": "0.1.14",
      "resolved": "https://registry.npmjs.org/avail-js-sdk/-/avail-js-sdk-0.1.14.tgz",
      "integrity": "sha512-uQwB9tKOSnOJzdDoLeV0/ydRS9bQnRTFA700+6Vywz98YLssbEL55mzCBWhvg3G2oHqFBy1t4w2gYd5yn2kg9w==",
      "dependencies": {
        "@polkadot/api": "^10.10.1"
      }
    },
    "node_modules/balanced-match": {
      "version": "1.0.2",
      "resolved": "https://registry.npmjs.org/balanced-match/-/balanced-match-1.0.2.tgz",
      "integrity": "sha512-3oSeUO0TMV67hN1AmbXsK4yaqU7tjiHlbxRDZOpH0KW9+CeX4bRAaX0Anxt0tx2MrpRpWwQaPwIlISEJhYU5Pw==",
      "dev": true
    },
    "node_modules/bn.js": {
      "version": "5.2.1",
      "resolved": "https://registry.npmjs.org/bn.js/-/bn.js-5.2.1.tgz",
      "integrity": "sha512-eXRvHzWyYPBuB4NBy0cmYQjGitUrtqwbvlzP3G6VFnNRbsZQIxQ10PbKKHt8gZ/HW/D/747aDl+QkDqg3KQLMQ=="
    },
    "node_modules/brace-expansion": {
      "version": "2.0.1",
      "resolved": "https://registry.npmjs.org/brace-expansion/-/brace-expansion-2.0.1.tgz",
      "integrity": "sha512-XnAIvQ8eM+kC6aULx6wuQiwVsnzsi9d3WxzV3FpWTGA19F621kwdbsAcFKXgKUHZWsy+mY6iL1sHTxWEFCytDA==",
      "dev": true,
      "dependencies": {
        "balanced-match": "^1.0.0"
      }
    },
    "node_modules/color-convert": {
      "version": "2.0.1",
      "resolved": "https://registry.npmjs.org/color-convert/-/color-convert-2.0.1.tgz",
      "integrity": "sha512-RRECPsj7iu/xb5oKYcsFHSppFNnsj/52OVTRKb4zP5onXwVF3zVmmToNcOfGC+CRDpfK/U584fMg38ZHCaElKQ==",
      "dev": true,
      "dependencies": {
        "color-name": "~1.1.4"
      },
      "engines": {
        "node": ">=7.0.0"
      }
    },
    "node_modules/color-name": {
      "version": "1.1.4",
      "resolved": "https://registry.npmjs.org/color-name/-/color-name-1.1.4.tgz",
      "integrity": "sha512-dOy+3AuW3a2wNbZHIuMZpTcgjGuLU/uBL/ubcZF9OXbDo8ff4O8yVp5Bf0efS8uEoYo5q4Fx7dY9OgQGXgAsQA==",
      "dev": true
    },
    "node_modules/cross-spawn": {
      "version": "7.0.3",
      "resolved": "https://registry.npmjs.org/cross-spawn/-/cross-spawn-7.0.3.tgz",
      "integrity": "sha512-iRDPJKUPVEND7dHPO8rkbOnPpyDygcDFtWjpeWNCgy8WP2rXcxXL8TskReQl6OrB2G7+UJrags1q15Fudc7G6w==",
      "dev": true,
      "dependencies": {
        "path-key": "^3.1.0",
        "shebang-command": "^2.0.0",
        "which": "^2.0.1"
      },
      "engines": {
        "node": ">= 8"
      }
    },
    "node_modules/data-uri-to-buffer": {
      "version": "4.0.1",
      "resolved": "https://registry.npmjs.org/data-uri-to-buffer/-/data-uri-to-buffer-4.0.1.tgz",
      "integrity": "sha512-0R9ikRb668HB7QDxT1vkpuUBtqc53YyAwMwGeUFKRojY/NWKvdZ+9UYtRfGmhqNbRkTSVpMbmyhXipFFv2cb/A==",
      "engines": {
        "node": ">= 12"
      }
    },
    "node_modules/debug": {
      "version": "4.3.4",
      "resolved": "https://registry.npmjs.org/debug/-/debug-4.3.4.tgz",
      "integrity": "sha512-PRWFHuSU3eDtQJPvnNY7Jcket1j0t5OuOsFzPPzsekD52Zl8qUfFIPEiswXqIvHWGVHOgX+7G/vCNNhehwxfkQ==",
      "dependencies": {
        "ms": "2.1.2"
      },
      "engines": {
        "node": ">=6.0"
      },
      "peerDependenciesMeta": {
        "supports-color": {
          "optional": true
        }
      }
    },
    "node_modules/eastasianwidth": {
      "version": "0.2.0",
      "resolved": "https://registry.npmjs.org/eastasianwidth/-/eastasianwidth-0.2.0.tgz",
      "integrity": "sha512-I88TYZWc9XiYHRQ4/3c5rjjfgkjhLyW2luGIheGERbNQ6OY7yTybanSpDXZa8y7VUP9YmDcYa+eyq4ca7iLqWA==",
      "dev": true
    },
    "node_modules/emoji-regex": {
      "version": "9.2.2",
      "resolved": "https://registry.npmjs.org/emoji-regex/-/emoji-regex-9.2.2.tgz",
      "integrity": "sha512-L18DaJsXSUk2+42pv8mLs5jJT2hqFkFE4j21wOmgbUqsZ2hL72NsUU785g9RXgo3s0ZNgVl42TiHp3ZtOv/Vyg==",
      "dev": true
    },
    "node_modules/eventemitter3": {
      "version": "5.0.1",
      "resolved": "https://registry.npmjs.org/eventemitter3/-/eventemitter3-5.0.1.tgz",
      "integrity": "sha512-GWkBvjiSZK87ELrYOSESUYeVIc9mvLLf/nXalMOS5dYrgZq9o5OVkbZAVM06CVxYsCwH9BDZFPlQTlPA1j4ahA=="
    },
    "node_modules/fetch-blob": {
      "version": "3.2.0",
      "resolved": "https://registry.npmjs.org/fetch-blob/-/fetch-blob-3.2.0.tgz",
      "integrity": "sha512-7yAQpD2UMJzLi1Dqv7qFYnPbaPx7ZfFK6PiIxQ4PfkGPyNyl2Ugx+a/umUonmKqjhM4DnfbMvdX6otXq83soQQ==",
      "funding": [
        {
          "type": "github",
          "url": "https://github.com/sponsors/jimmywarting"
        },
        {
          "type": "paypal",
          "url": "https://paypal.me/jimmywarting"
        }
      ],
      "dependencies": {
        "node-domexception": "^1.0.0",
        "web-streams-polyfill": "^3.0.3"
      },
      "engines": {
        "node": "^12.20 || >= 14.13"
      }
    },
    "node_modules/foreground-child": {
      "version": "3.1.1",
      "resolved": "https://registry.npmjs.org/foreground-child/-/foreground-child-3.1.1.tgz",
      "integrity": "sha512-TMKDUnIte6bfb5nWv7V/caI169OHgvwjb7V4WkeUvbQQdjr5rWKqHFiKWb/fcOwB+CzBT+qbWjvj+DVwRskpIg==",
      "dev": true,
      "dependencies": {
        "cross-spawn": "^7.0.0",
        "signal-exit": "^4.0.1"
      },
      "engines": {
        "node": ">=14"
      },
      "funding": {
        "url": "https://github.com/sponsors/isaacs"
      }
    },
    "node_modules/formdata-polyfill": {
      "version": "4.0.10",
      "resolved": "https://registry.npmjs.org/formdata-polyfill/-/formdata-polyfill-4.0.10.tgz",
      "integrity": "sha512-buewHzMvYL29jdeQTVILecSaZKnt/RJWjoZCF5OW60Z67/GmSLBkOFM7qh1PI3zFNtJbaZL5eQu1vLfazOwj4g==",
      "dependencies": {
        "fetch-blob": "^3.1.2"
      },
      "engines": {
        "node": ">=12.20.0"
      }
    },
    "node_modules/glob": {
      "version": "10.3.10",
      "resolved": "https://registry.npmjs.org/glob/-/glob-10.3.10.tgz",
      "integrity": "sha512-fa46+tv1Ak0UPK1TOy/pZrIybNNt4HCv7SDzwyfiOZkvZLEbjsZkJBPtDHVshZjbecAoAGSC20MjLDG/qr679g==",
      "dev": true,
      "dependencies": {
        "foreground-child": "^3.1.0",
        "jackspeak": "^2.3.5",
        "minimatch": "^9.0.1",
        "minipass": "^5.0.0 || ^6.0.2 || ^7.0.0",
        "path-scurry": "^1.10.1"
      },
      "bin": {
        "glob": "dist/esm/bin.mjs"
      },
      "engines": {
        "node": ">=16 || 14 >=14.17"
      },
      "funding": {
        "url": "https://github.com/sponsors/isaacs"
      }
    },
    "node_modules/is-fullwidth-code-point": {
      "version": "3.0.0",
      "resolved": "https://registry.npmjs.org/is-fullwidth-code-point/-/is-fullwidth-code-point-3.0.0.tgz",
      "integrity": "sha512-zymm5+u+sCsSWyD9qNaejV3DFvhCKclKdizYaJUuHA83RLjb7nSuGnddCHGv0hk+KY7BMAlsWeK4Ueg6EV6XQg==",
      "dev": true,
      "engines": {
        "node": ">=8"
      }
    },
    "node_modules/isexe": {
      "version": "2.0.0",
      "resolved": "https://registry.npmjs.org/isexe/-/isexe-2.0.0.tgz",
      "integrity": "sha512-RHxMLp9lnKHGHRng9QFhRCMbYAcVpn69smSGcq3f36xjgVVWThj4qqLbTLlq7Ssj8B+fIQ1EuCEGI2lKsyQeIw==",
      "dev": true
    },
    "node_modules/jackspeak": {
      "version": "2.3.6",
      "resolved": "https://registry.npmjs.org/jackspeak/-/jackspeak-2.3.6.tgz",
      "integrity": "sha512-N3yCS/NegsOBokc8GAdM8UcmfsKiSS8cipheD/nivzr700H+nsMOxJjQnvwOcRYVuFkdH0wGUvW2WbXGmrZGbQ==",
      "dev": true,
      "dependencies": {
        "@isaacs/cliui": "^8.0.2"
      },
      "engines": {
        "node": ">=14"
      },
      "funding": {
        "url": "https://github.com/sponsors/isaacs"
      },
      "optionalDependencies": {
        "@pkgjs/parseargs": "^0.11.0"
      }
    },
    "node_modules/json-stringify-safe": {
      "version": "5.0.1",
      "resolved": "https://registry.npmjs.org/json-stringify-safe/-/json-stringify-safe-5.0.1.tgz",
      "integrity": "sha512-ZClg6AaYvamvYEE82d3Iyd3vSSIjQ+odgjaTzRuO3s7toCdFKczob2i0zCh7JE8kWn17yvAWhUVxvqGwUalsRA=="
    },
    "node_modules/lru-cache": {
      "version": "10.1.0",
      "resolved": "https://registry.npmjs.org/lru-cache/-/lru-cache-10.1.0.tgz",
      "integrity": "sha512-/1clY/ui8CzjKFyjdvwPWJUYKiFVXG2I2cY0ssG7h4+hwk+XOIX7ZSG9Q7TW8TW3Kp3BUSqgFWBLgL4PJ+Blag==",
      "dev": true,
      "engines": {
        "node": "14 || >=16.14"
      }
    },
    "node_modules/minimatch": {
      "version": "9.0.3",
      "resolved": "https://registry.npmjs.org/minimatch/-/minimatch-9.0.3.tgz",
      "integrity": "sha512-RHiac9mvaRw0x3AYRgDC1CxAP7HTcNrrECeA8YYJeWnpo+2Q5CegtZjaotWTWxDG3UeGA1coE05iH1mPjT/2mg==",
      "dev": true,
      "dependencies": {
        "brace-expansion": "^2.0.1"
      },
      "engines": {
        "node": ">=16 || 14 >=14.17"
      },
      "funding": {
        "url": "https://github.com/sponsors/isaacs"
      }
    },
    "node_modules/minipass": {
      "version": "7.0.4",
      "resolved": "https://registry.npmjs.org/minipass/-/minipass-7.0.4.tgz",
      "integrity": "sha512-jYofLM5Dam9279rdkWzqHozUo4ybjdZmCsDHePy5V/PbBcVMiSZR97gmAy45aqi8CK1lG2ECd356FU86avfwUQ==",
      "dev": true,
      "engines": {
        "node": ">=16 || 14 >=14.17"
      }
    },
    "node_modules/mock-socket": {
      "version": "9.3.1",
      "resolved": "https://registry.npmjs.org/mock-socket/-/mock-socket-9.3.1.tgz",
      "integrity": "sha512-qxBgB7Qa2sEQgHFjj0dSigq7fX4k6Saisd5Nelwp2q8mlbAFh5dHV9JTTlF8viYJLSSWgMCZFUom8PJcMNBoJw==",
      "engines": {
        "node": ">= 8"
      }
    },
    "node_modules/ms": {
      "version": "2.1.2",
      "resolved": "https://registry.npmjs.org/ms/-/ms-2.1.2.tgz",
      "integrity": "sha512-sGkPx+VjMtmA6MX27oA4FBFELFCZZ4S4XqeGOXCv68tT+jb3vk/RyaKWP0PTKyWtmLSM0b+adUTEvbs1PEaH2w=="
    },
    "node_modules/nock": {
      "version": "13.3.7",
      "resolved": "https://registry.npmjs.org/nock/-/nock-13.3.7.tgz",
      "integrity": "sha512-z3voRxo6G0JxqCsjuzERh1ReFC4Vp2b7JpSgcMJB6jnJbUszf88awAeQLIID2UNMwbMh9/Zm5sFscagj0QYHEg==",
      "dependencies": {
        "debug": "^4.1.0",
        "json-stringify-safe": "^5.0.1",
        "propagate": "^2.0.0"
      },
      "engines": {
        "node": ">= 10.13"
      }
    },
    "node_modules/node-domexception": {
      "version": "1.0.0",
      "resolved": "https://registry.npmjs.org/node-domexception/-/node-domexception-1.0.0.tgz",
      "integrity": "sha512-/jKZoMpw0F8GRwl4/eLROPA3cfcXtLApP0QzLmUT/HuPCZWyB7IY9ZrMeKw2O/nFIqPQB3PVM9aYm0F312AXDQ==",
      "funding": [
        {
          "type": "github",
          "url": "https://github.com/sponsors/jimmywarting"
        },
        {
          "type": "github",
          "url": "https://paypal.me/jimmywarting"
        }
      ],
      "engines": {
        "node": ">=10.5.0"
      }
    },
    "node_modules/node-fetch": {
      "version": "3.3.2",
      "resolved": "https://registry.npmjs.org/node-fetch/-/node-fetch-3.3.2.tgz",
      "integrity": "sha512-dRB78srN/l6gqWulah9SrxeYnxeddIG30+GOqK/9OlLVyLg3HPnr6SqOWTWOXKRwC2eGYCkZ59NNuSgvSrpgOA==",
      "dependencies": {
        "data-uri-to-buffer": "^4.0.0",
        "fetch-blob": "^3.1.4",
        "formdata-polyfill": "^4.0.10"
      },
      "engines": {
        "node": "^12.20.0 || ^14.13.1 || >=16.0.0"
      },
      "funding": {
        "type": "opencollective",
        "url": "https://opencollective.com/node-fetch"
      }
    },
    "node_modules/path-key": {
      "version": "3.1.1",
      "resolved": "https://registry.npmjs.org/path-key/-/path-key-3.1.1.tgz",
      "integrity": "sha512-ojmeN0qd+y0jszEtoY48r0Peq5dwMEkIlCOu6Q5f41lfkswXuKtYrhgoTpLnyIcHm24Uhqx+5Tqm2InSwLhE6Q==",
      "dev": true,
      "engines": {
        "node": ">=8"
      }
    },
    "node_modules/path-scurry": {
      "version": "1.10.1",
      "resolved": "https://registry.npmjs.org/path-scurry/-/path-scurry-1.10.1.tgz",
      "integrity": "sha512-MkhCqzzBEpPvxxQ71Md0b1Kk51W01lrYvlMzSUaIzNsODdd7mqhiimSZlr+VegAz5Z6Vzt9Xg2ttE//XBhH3EQ==",
      "dev": true,
      "dependencies": {
        "lru-cache": "^9.1.1 || ^10.0.0",
        "minipass": "^5.0.0 || ^6.0.2 || ^7.0.0"
      },
      "engines": {
        "node": ">=16 || 14 >=14.17"
      },
      "funding": {
        "url": "https://github.com/sponsors/isaacs"
      }
    },
    "node_modules/propagate": {
      "version": "2.0.1",
      "resolved": "https://registry.npmjs.org/propagate/-/propagate-2.0.1.tgz",
      "integrity": "sha512-vGrhOavPSTz4QVNuBNdcNXePNdNMaO1xj9yBeH1ScQPjk/rhg9sSlCXPhMkFuaNNW/syTvYqsnbIJxMBfRbbag==",
      "engines": {
        "node": ">= 8"
      }
    },
    "node_modules/rimraf": {
      "version": "5.0.5",
      "resolved": "https://registry.npmjs.org/rimraf/-/rimraf-5.0.5.tgz",
      "integrity": "sha512-CqDakW+hMe/Bz202FPEymy68P+G50RfMQK+Qo5YUqc9SPipvbGjCGKd0RSKEelbsfQuw3g5NZDSrlZZAJurH1A==",
      "dev": true,
      "dependencies": {
        "glob": "^10.3.7"
      },
      "bin": {
        "rimraf": "dist/esm/bin.mjs"
      },
      "engines": {
        "node": ">=14"
      },
      "funding": {
        "url": "https://github.com/sponsors/isaacs"
      }
    },
    "node_modules/rxjs": {
      "version": "7.8.1",
      "resolved": "https://registry.npmjs.org/rxjs/-/rxjs-7.8.1.tgz",
      "integrity": "sha512-AA3TVj+0A2iuIoQkWEK/tqFjBq2j+6PO6Y0zJcvzLAFhEFIO3HL0vls9hWLncZbAAbK0mar7oZ4V079I/qPMxg==",
      "dependencies": {
        "tslib": "^2.1.0"
      }
    },
    "node_modules/shebang-command": {
      "version": "2.0.0",
      "resolved": "https://registry.npmjs.org/shebang-command/-/shebang-command-2.0.0.tgz",
      "integrity": "sha512-kHxr2zZpYtdmrN1qDjrrX/Z1rR1kG8Dx+gkpK1G4eXmvXswmcE1hTWBWYUzlraYw1/yZp6YuDY77YtvbN0dmDA==",
      "dev": true,
      "dependencies": {
        "shebang-regex": "^3.0.0"
      },
      "engines": {
        "node": ">=8"
      }
    },
    "node_modules/shebang-regex": {
      "version": "3.0.0",
      "resolved": "https://registry.npmjs.org/shebang-regex/-/shebang-regex-3.0.0.tgz",
      "integrity": "sha512-7++dFhtcx3353uBaq8DDR4NuxBetBzC7ZQOhmTQInHEd6bSrXdiEyzCvG07Z44UYdLShWUyXt5M/yhz8ekcb1A==",
      "dev": true,
      "engines": {
        "node": ">=8"
      }
    },
    "node_modules/signal-exit": {
      "version": "4.1.0",
      "resolved": "https://registry.npmjs.org/signal-exit/-/signal-exit-4.1.0.tgz",
      "integrity": "sha512-bzyZ1e88w9O1iNJbKnOlvYTrWPDl46O1bG0D3XInv+9tkPrxrN8jUUTiFlDkkmKWgn1M6CfIA13SuGqOa9Korw==",
      "dev": true,
      "engines": {
        "node": ">=14"
      },
      "funding": {
        "url": "https://github.com/sponsors/isaacs"
      }
    },
    "node_modules/smoldot": {
      "version": "2.0.1",
      "resolved": "https://registry.npmjs.org/smoldot/-/smoldot-2.0.1.tgz",
      "integrity": "sha512-Wqw2fL/sELQByLSeeTX1Z/d0H4McmphPMx8vh6UZS/bIIDx81oU7s/drmx2iL/ME36uk++YxpRuJey8/MOyfOA==",
      "optional": true,
      "dependencies": {
        "ws": "^8.8.1"
      }
    },
    "node_modules/string-width": {
      "version": "5.1.2",
      "resolved": "https://registry.npmjs.org/string-width/-/string-width-5.1.2.tgz",
      "integrity": "sha512-HnLOCR3vjcY8beoNLtcjZ5/nxn2afmME6lhrDrebokqMap+XbeW8n9TXpPDOqdGK5qcI3oT0GKTW6wC7EMiVqA==",
      "dev": true,
      "dependencies": {
        "eastasianwidth": "^0.2.0",
        "emoji-regex": "^9.2.2",
        "strip-ansi": "^7.0.1"
      },
      "engines": {
        "node": ">=12"
      },
      "funding": {
        "url": "https://github.com/sponsors/sindresorhus"
      }
    },
    "node_modules/string-width-cjs": {
      "name": "string-width",
      "version": "4.2.3",
      "resolved": "https://registry.npmjs.org/string-width/-/string-width-4.2.3.tgz",
      "integrity": "sha512-wKyQRQpjJ0sIp62ErSZdGsjMJWsap5oRNihHhu6G7JVO/9jIB6UyevL+tXuOqrng8j/cxKTWyWUwvSTriiZz/g==",
      "dev": true,
      "dependencies": {
        "emoji-regex": "^8.0.0",
        "is-fullwidth-code-point": "^3.0.0",
        "strip-ansi": "^6.0.1"
      },
      "engines": {
        "node": ">=8"
      }
    },
    "node_modules/string-width-cjs/node_modules/ansi-regex": {
      "version": "5.0.1",
      "resolved": "https://registry.npmjs.org/ansi-regex/-/ansi-regex-5.0.1.tgz",
      "integrity": "sha512-quJQXlTSUGL2LH9SUXo8VwsY4soanhgo6LNSm84E1LBcE8s3O0wpdiRzyR9z/ZZJMlMWv37qOOb9pdJlMUEKFQ==",
      "dev": true,
      "engines": {
        "node": ">=8"
      }
    },
    "node_modules/string-width-cjs/node_modules/emoji-regex": {
      "version": "8.0.0",
      "resolved": "https://registry.npmjs.org/emoji-regex/-/emoji-regex-8.0.0.tgz",
      "integrity": "sha512-MSjYzcWNOA0ewAHpz0MxpYFvwg6yjy1NG3xteoqz644VCo/RPgnr1/GGt+ic3iJTzQ8Eu3TdM14SawnVUmGE6A==",
      "dev": true
    },
    "node_modules/string-width-cjs/node_modules/strip-ansi": {
      "version": "6.0.1",
      "resolved": "https://registry.npmjs.org/strip-ansi/-/strip-ansi-6.0.1.tgz",
      "integrity": "sha512-Y38VPSHcqkFrCpFnQ9vuSXmquuv5oXOKpGeT6aGrr3o3Gc9AlVa6JBfUSOCnbxGGZF+/0ooI7KrPuUSztUdU5A==",
      "dev": true,
      "dependencies": {
        "ansi-regex": "^5.0.1"
      },
      "engines": {
        "node": ">=8"
      }
    },
    "node_modules/strip-ansi": {
      "version": "7.1.0",
      "resolved": "https://registry.npmjs.org/strip-ansi/-/strip-ansi-7.1.0.tgz",
      "integrity": "sha512-iq6eVVI64nQQTRYq2KtEg2d2uU7LElhTJwsH4YzIHZshxlgZms/wIc4VoDQTlG/IvVIrBKG06CrZnp0qv7hkcQ==",
      "dev": true,
      "dependencies": {
        "ansi-regex": "^6.0.1"
      },
      "engines": {
        "node": ">=12"
      },
      "funding": {
        "url": "https://github.com/chalk/strip-ansi?sponsor=1"
      }
    },
    "node_modules/strip-ansi-cjs": {
      "name": "strip-ansi",
      "version": "6.0.1",
      "resolved": "https://registry.npmjs.org/strip-ansi/-/strip-ansi-6.0.1.tgz",
      "integrity": "sha512-Y38VPSHcqkFrCpFnQ9vuSXmquuv5oXOKpGeT6aGrr3o3Gc9AlVa6JBfUSOCnbxGGZF+/0ooI7KrPuUSztUdU5A==",
      "dev": true,
      "dependencies": {
        "ansi-regex": "^5.0.1"
      },
      "engines": {
        "node": ">=8"
      }
    },
    "node_modules/strip-ansi-cjs/node_modules/ansi-regex": {
      "version": "5.0.1",
      "resolved": "https://registry.npmjs.org/ansi-regex/-/ansi-regex-5.0.1.tgz",
      "integrity": "sha512-quJQXlTSUGL2LH9SUXo8VwsY4soanhgo6LNSm84E1LBcE8s3O0wpdiRzyR9z/ZZJMlMWv37qOOb9pdJlMUEKFQ==",
      "dev": true,
      "engines": {
        "node": ">=8"
      }
    },
    "node_modules/tslib": {
      "version": "2.6.2",
      "resolved": "https://registry.npmjs.org/tslib/-/tslib-2.6.2.tgz",
      "integrity": "sha512-AEYxH93jGFPn/a2iVAwW87VuUIkR1FVUKB77NwMF7nBTDkDrrT/Hpt/IrCJ0QXhW27jTBDcf5ZY7w6RiqTMw2Q=="
    },
    "node_modules/undici-types": {
      "version": "5.26.5",
      "resolved": "https://registry.npmjs.org/undici-types/-/undici-types-5.26.5.tgz",
      "integrity": "sha512-JlCMO+ehdEIKqlFxk6IfVoAUVmgz7cU7zD/h9XZ0qzeosSHmUJVOzSQvvYSYWXkFXC+IfLKSIffhv0sVZup6pA=="
    },
    "node_modules/web-streams-polyfill": {
      "version": "3.2.1",
      "resolved": "https://registry.npmjs.org/web-streams-polyfill/-/web-streams-polyfill-3.2.1.tgz",
      "integrity": "sha512-e0MO3wdXWKrLbL0DgGnUV7WHVuw9OUvL4hjgnPkIeEvESk74gAITi5G606JtZPp39cd8HA9VQzCIvA49LpPN5Q==",
      "engines": {
        "node": ">= 8"
      }
    },
    "node_modules/which": {
      "version": "2.0.2",
      "resolved": "https://registry.npmjs.org/which/-/which-2.0.2.tgz",
      "integrity": "sha512-BLI3Tl1TW3Pvl70l3yq3Y64i+awpwXqsGBYWkkqMtnbXgrMD+yj7rhW0kuEDxzJaYXGjEW5ogapKNMEKNMjibA==",
      "dev": true,
      "dependencies": {
        "isexe": "^2.0.0"
      },
      "bin": {
        "node-which": "bin/node-which"
      },
      "engines": {
        "node": ">= 8"
      }
    },
    "node_modules/wrap-ansi": {
      "version": "8.1.0",
      "resolved": "https://registry.npmjs.org/wrap-ansi/-/wrap-ansi-8.1.0.tgz",
      "integrity": "sha512-si7QWI6zUMq56bESFvagtmzMdGOtoxfR+Sez11Mobfc7tm+VkUckk9bW2UeffTGVUbOksxmSw0AA2gs8g71NCQ==",
      "dev": true,
      "dependencies": {
        "ansi-styles": "^6.1.0",
        "string-width": "^5.0.1",
        "strip-ansi": "^7.0.1"
      },
      "engines": {
        "node": ">=12"
      },
      "funding": {
        "url": "https://github.com/chalk/wrap-ansi?sponsor=1"
      }
    },
    "node_modules/wrap-ansi-cjs": {
      "name": "wrap-ansi",
      "version": "7.0.0",
      "resolved": "https://registry.npmjs.org/wrap-ansi/-/wrap-ansi-7.0.0.tgz",
      "integrity": "sha512-YVGIj2kamLSTxw6NsZjoBxfSwsn0ycdesmc4p+Q21c5zPuZ1pl+NfxVdxPtdHvmNVOQ6XSYG4AUtyt/Fi7D16Q==",
      "dev": true,
      "dependencies": {
        "ansi-styles": "^4.0.0",
        "string-width": "^4.1.0",
        "strip-ansi": "^6.0.0"
      },
      "engines": {
        "node": ">=10"
      },
      "funding": {
        "url": "https://github.com/chalk/wrap-ansi?sponsor=1"
      }
    },
    "node_modules/wrap-ansi-cjs/node_modules/ansi-regex": {
      "version": "5.0.1",
      "resolved": "https://registry.npmjs.org/ansi-regex/-/ansi-regex-5.0.1.tgz",
      "integrity": "sha512-quJQXlTSUGL2LH9SUXo8VwsY4soanhgo6LNSm84E1LBcE8s3O0wpdiRzyR9z/ZZJMlMWv37qOOb9pdJlMUEKFQ==",
      "dev": true,
      "engines": {
        "node": ">=8"
      }
    },
    "node_modules/wrap-ansi-cjs/node_modules/ansi-styles": {
      "version": "4.3.0",
      "resolved": "https://registry.npmjs.org/ansi-styles/-/ansi-styles-4.3.0.tgz",
      "integrity": "sha512-zbB9rCJAT1rbjiVDb2hqKFHNYLxgtk8NURxZ3IZwD3F6NtxbXZQCnnSi1Lkx+IDohdPlFp222wVALIheZJQSEg==",
      "dev": true,
      "dependencies": {
        "color-convert": "^2.0.1"
      },
      "engines": {
        "node": ">=8"
      },
      "funding": {
        "url": "https://github.com/chalk/ansi-styles?sponsor=1"
      }
    },
    "node_modules/wrap-ansi-cjs/node_modules/emoji-regex": {
      "version": "8.0.0",
      "resolved": "https://registry.npmjs.org/emoji-regex/-/emoji-regex-8.0.0.tgz",
      "integrity": "sha512-MSjYzcWNOA0ewAHpz0MxpYFvwg6yjy1NG3xteoqz644VCo/RPgnr1/GGt+ic3iJTzQ8Eu3TdM14SawnVUmGE6A==",
      "dev": true
    },
    "node_modules/wrap-ansi-cjs/node_modules/string-width": {
      "version": "4.2.3",
      "resolved": "https://registry.npmjs.org/string-width/-/string-width-4.2.3.tgz",
      "integrity": "sha512-wKyQRQpjJ0sIp62ErSZdGsjMJWsap5oRNihHhu6G7JVO/9jIB6UyevL+tXuOqrng8j/cxKTWyWUwvSTriiZz/g==",
      "dev": true,
      "dependencies": {
        "emoji-regex": "^8.0.0",
        "is-fullwidth-code-point": "^3.0.0",
        "strip-ansi": "^6.0.1"
      },
      "engines": {
        "node": ">=8"
      }
    },
    "node_modules/wrap-ansi-cjs/node_modules/strip-ansi": {
      "version": "6.0.1",
      "resolved": "https://registry.npmjs.org/strip-ansi/-/strip-ansi-6.0.1.tgz",
      "integrity": "sha512-Y38VPSHcqkFrCpFnQ9vuSXmquuv5oXOKpGeT6aGrr3o3Gc9AlVa6JBfUSOCnbxGGZF+/0ooI7KrPuUSztUdU5A==",
      "dev": true,
      "dependencies": {
        "ansi-regex": "^5.0.1"
      },
      "engines": {
        "node": ">=8"
      }
    },
    "node_modules/ws": {
      "version": "8.14.2",
      "resolved": "https://registry.npmjs.org/ws/-/ws-8.14.2.tgz",
      "integrity": "sha512-wEBG1ftX4jcglPxgFCMJmZ2PLtSbJ2Peg6TmpJFTbe9GZYOQCDPdMYu/Tm0/bGZkw8paZnJY45J4K2PZrLYq8g==",
      "engines": {
        "node": ">=10.0.0"
      },
      "peerDependencies": {
        "bufferutil": "^4.0.1",
        "utf-8-validate": ">=5.0.2"
      },
      "peerDependenciesMeta": {
        "bufferutil": {
          "optional": true
        },
        "utf-8-validate": {
          "optional": true
        }
      }
    }
  }
}
